// !$*UTF8*$!
{
	archiveVersion = 1;
	classes = {
	};
	objectVersion = 46;
	objects = {

/* Begin PBXBuildFile section */
		2EB10D3F1C5AF323006D774D /* main.cpp in Sources */ = {isa = PBXBuildFile; fileRef = 2EB10D3E1C5AF323006D774D /* main.cpp */; };
		2EB10D481C5AF358006D774D /* ppm_printer.cpp in Sources */ = {isa = PBXBuildFile; fileRef = 2EB10D461C5AF358006D774D /* ppm_printer.cpp */; };
		2EB10D4D1C5B072A006D774D /* ray.cpp in Sources */ = {isa = PBXBuildFile; fileRef = 2EB10D4B1C5B072A006D774D /* ray.cpp */; };
/* End PBXBuildFile section */

/* Begin PBXCopyFilesBuildPhase section */
		2EB10D391C5AF323006D774D /* CopyFiles */ = {
			isa = PBXCopyFilesBuildPhase;
			buildActionMask = 2147483647;
			dstPath = /usr/share/man/man1/;
			dstSubfolderSpec = 0;
			files = (
			);
			runOnlyForDeploymentPostprocessing = 1;
		};
/* End PBXCopyFilesBuildPhase section */

/* Begin PBXFileReference section */
		2EB10D3B1C5AF323006D774D /* RayTracer */ = {isa = PBXFileReference; explicitFileType = "compiled.mach-o.executable"; includeInIndex = 0; path = RayTracer; sourceTree = BUILT_PRODUCTS_DIR; };
		2EB10D3E1C5AF323006D774D /* main.cpp */ = {isa = PBXFileReference; lastKnownFileType = sourcecode.cpp.cpp; path = main.cpp; sourceTree = "<group>"; };
		2EB10D461C5AF358006D774D /* ppm_printer.cpp */ = {isa = PBXFileReference; fileEncoding = 4; lastKnownFileType = sourcecode.cpp.cpp; path = ppm_printer.cpp; sourceTree = "<group>"; };
		2EB10D471C5AF358006D774D /* ppm_printer.hpp */ = {isa = PBXFileReference; fileEncoding = 4; lastKnownFileType = sourcecode.cpp.h; path = ppm_printer.hpp; sourceTree = "<group>"; };
		2EB10D4A1C5AFC70006D774D /* vec3.h */ = {isa = PBXFileReference; lastKnownFileType = sourcecode.c.h; path = vec3.h; sourceTree = "<group>"; };
		2EB10D4B1C5B072A006D774D /* ray.cpp */ = {isa = PBXFileReference; fileEncoding = 4; lastKnownFileType = sourcecode.cpp.cpp; path = ray.cpp; sourceTree = "<group>"; };
		2EB10D4C1C5B072A006D774D /* ray.hpp */ = {isa = PBXFileReference; fileEncoding = 4; lastKnownFileType = sourcecode.cpp.h; path = ray.hpp; sourceTree = "<group>"; };
/* End PBXFileReference section */

/* Begin PBXFrameworksBuildPhase section */
		2EB10D381C5AF323006D774D /* Frameworks */ = {
			isa = PBXFrameworksBuildPhase;
			buildActionMask = 2147483647;
			files = (
			);
			runOnlyForDeploymentPostprocessing = 0;
		};
/* End PBXFrameworksBuildPhase section */

/* Begin PBXGroup section */
		2EB10D321C5AF323006D774D = {
			isa = PBXGroup;
			children = (
				2EB10D3D1C5AF323006D774D /* RayTracer */,
				2EB10D3C1C5AF323006D774D /* Products */,
			);
			sourceTree = "<group>";
		};
		2EB10D3C1C5AF323006D774D /* Products */ = {
			isa = PBXGroup;
			children = (
				2EB10D3B1C5AF323006D774D /* RayTracer */,
			);
			name = Products;
			sourceTree = "<group>";
		};
		2EB10D3D1C5AF323006D774D /* RayTracer */ = {
			isa = PBXGroup;
			children = (
				2EB10D451C5AF334006D774D /* src */,
				2EB10D3E1C5AF323006D774D /* main.cpp */,
			);
			path = RayTracer;
			sourceTree = "<group>";
		};
		2EB10D451C5AF334006D774D /* src */ = {
			isa = PBXGroup;
			children = (
				2EB10D491C5AFC50006D774D /* types */,
				2EB10D461C5AF358006D774D /* ppm_printer.cpp */,
				2EB10D471C5AF358006D774D /* ppm_printer.hpp */,
			);
			path = src;
			sourceTree = "<group>";
		};
		2EB10D491C5AFC50006D774D /* types */ = {
			isa = PBXGroup;
			children = (
				2EB10D4A1C5AFC70006D774D /* vec3.h */,
				2EB10D4B1C5B072A006D774D /* ray.cpp */,
				2EB10D4C1C5B072A006D774D /* ray.hpp */,
			);
			path = types;
			sourceTree = "<group>";
		};
/* End PBXGroup section */

/* Begin PBXNativeTarget section */
		2EB10D3A1C5AF323006D774D /* RayTracer */ = {
			isa = PBXNativeTarget;
			buildConfigurationList = 2EB10D421C5AF323006D774D /* Build configuration list for PBXNativeTarget "RayTracer" */;
			buildPhases = (
				2EB10D371C5AF323006D774D /* Sources */,
				2EB10D381C5AF323006D774D /* Frameworks */,
				2EB10D391C5AF323006D774D /* CopyFiles */,
			);
			buildRules = (
			);
			dependencies = (
			);
			name = RayTracer;
			productName = RayTracer;
			productReference = 2EB10D3B1C5AF323006D774D /* RayTracer */;
			productType = "com.apple.product-type.tool";
		};
/* End PBXNativeTarget section */

/* Begin PBXProject section */
		2EB10D331C5AF323006D774D /* Project object */ = {
			isa = PBXProject;
			attributes = {
				LastUpgradeCheck = 0720;
				ORGANIZATIONNAME = jcanero;
				TargetAttributes = {
					2EB10D3A1C5AF323006D774D = {
						CreatedOnToolsVersion = 7.2;
					};
				};
			};
			buildConfigurationList = 2EB10D361C5AF323006D774D /* Build configuration list for PBXProject "RayTracer" */;
			compatibilityVersion = "Xcode 3.2";
			developmentRegion = English;
			hasScannedForEncodings = 0;
			knownRegions = (
				en,
			);
			mainGroup = 2EB10D321C5AF323006D774D;
			productRefGroup = 2EB10D3C1C5AF323006D774D /* Products */;
			projectDirPath = "";
			projectRoot = "";
			targets = (
				2EB10D3A1C5AF323006D774D /* RayTracer */,
			);
		};
/* End PBXProject section */

/* Begin PBXSourcesBuildPhase section */
		2EB10D371C5AF323006D774D /* Sources */ = {
			isa = PBXSourcesBuildPhase;
			buildActionMask = 2147483647;
			files = (
				2EB10D4D1C5B072A006D774D /* ray.cpp in Sources */,
				2EB10D481C5AF358006D774D /* ppm_printer.cpp in Sources */,
				2EB10D3F1C5AF323006D774D /* main.cpp in Sources */,
			);
			runOnlyForDeploymentPostprocessing = 0;
		};
/* End PBXSourcesBuildPhase section */

/* Begin XCBuildConfiguration section */
		2EB10D401C5AF323006D774D /* Debug */ = {
			isa = XCBuildConfiguration;
			buildSettings = {
				ALWAYS_SEARCH_USER_PATHS = NO;
				CLANG_CXX_LANGUAGE_STANDARD = "gnu++0x";
				CLANG_CXX_LIBRARY = "libc++";
				CLANG_ENABLE_MODULES = YES;
				CLANG_ENABLE_OBJC_ARC = YES;
				CLANG_WARN_BOOL_CONVERSION = YES;
				CLANG_WARN_CONSTANT_CONVERSION = YES;
				CLANG_WARN_DIRECT_OBJC_ISA_USAGE = YES_ERROR;
				CLANG_WARN_EMPTY_BODY = YES;
				CLANG_WARN_ENUM_CONVERSION = YES;
				CLANG_WARN_INT_CONVERSION = YES;
				CLANG_WARN_OBJC_ROOT_CLASS = YES_ERROR;
				CLANG_WARN_UNREACHABLE_CODE = YES;
				CLANG_WARN__DUPLICATE_METHOD_MATCH = YES;
				CODE_SIGN_IDENTITY = "-";
				COPY_PHASE_STRIP = NO;
				DEBUG_INFORMATION_FORMAT = dwarf;
				ENABLE_STRICT_OBJC_MSGSEND = YES;
				ENABLE_TESTABILITY = YES;
				GCC_C_LANGUAGE_STANDARD = gnu99;
				GCC_DYNAMIC_NO_PIC = NO;
				GCC_NO_COMMON_BLOCKS = YES;
				GCC_OPTIMIZATION_LEVEL = 0;
				GCC_PREPROCESSOR_DEFINITIONS = (
					"DEBUG=1",
					"$(inherited)",
				);
				GCC_WARN_64_TO_32_BIT_CONVERSION = YES;
				GCC_WARN_ABOUT_RETURN_TYPE = YES_ERROR;
				GCC_WARN_UNDECLARED_SELECTOR = YES;
				GCC_WARN_UNINITIALIZED_AUTOS = YES_AGGRESSIVE;
				GCC_WARN_UNUSED_FUNCTION = YES;
				GCC_WARN_UNUSED_VARIABLE = YES;
				MACOSX_DEPLOYMENT_TARGET = 10.11;
				MTL_ENABLE_DEBUG_INFO = YES;
				ONLY_ACTIVE_ARCH = YES;
				SDKROOT = macosx;
			};
			name = Debug;
		};
		2EB10D411C5AF323006D774D /* Release */ = {
			isa = XCBuildConfiguration;
			buildSettings = {
				ALWAYS_SEARCH_USER_PATHS = NO;
				CLANG_CXX_LANGUAGE_STANDARD = "gnu++0x";
				CLANG_CXX_LIBRARY = "libc++";
				CLANG_ENABLE_MODULES = YES;
				CLANG_ENABLE_OBJC_ARC = YES;
				CLANG_WARN_BOOL_CONVERSION = YES;
				CLANG_WARN_CONSTANT_CONVERSION = YES;
				CLANG_WARN_DIRECT_OBJC_ISA_USAGE = YES_ERROR;
				CLANG_WARN_EMPTY_BODY = YES;
				CLANG_WARN_ENUM_CONVERSION = YES;
				CLANG_WARN_INT_CONVERSION = YES;
				CLANG_WARN_OBJC_ROOT_CLASS = YES_ERROR;
				CLANG_WARN_UNREACHABLE_CODE = YES;
				CLANG_WARN__DUPLICATE_METHOD_MATCH = YES;
				CODE_SIGN_IDENTITY = "-";
				COPY_PHASE_STRIP = NO;
				DEBUG_INFORMATION_FORMAT = "dwarf-with-dsym";
				ENABLE_NS_ASSERTIONS = NO;
				ENABLE_STRICT_OBJC_MSGSEND = YES;
				GCC_C_LANGUAGE_STANDARD = gnu99;
				GCC_NO_COMMON_BLOCKS = YES;
				GCC_WARN_64_TO_32_BIT_CONVERSION = YES;
				GCC_WARN_ABOUT_RETURN_TYPE = YES_ERROR;
				GCC_WARN_UNDECLARED_SELECTOR = YES;
				GCC_WARN_UNINITIALIZED_AUTOS = YES_AGGRESSIVE;
				GCC_WARN_UNUSED_FUNCTION = YES;
				GCC_WARN_UNUSED_VARIABLE = YES;
				MACOSX_DEPLOYMENT_TARGET = 10.11;
				MTL_ENABLE_DEBUG_INFO = NO;
				SDKROOT = macosx;
			};
			name = Release;
		};
		2EB10D431C5AF323006D774D /* Debug */ = {
			isa = XCBuildConfiguration;
			buildSettings = {
				HEADER_SEARCH_PATHS = "/Users/jcanero/Code/Repositories/c++/boost_1_59_0";
				PRODUCT_NAME = "$(TARGET_NAME)";
			};
			name = Debug;
		};
		2EB10D441C5AF323006D774D /* Release */ = {
			isa = XCBuildConfiguration;
			buildSettings = {
				HEADER_SEARCH_PATHS = "/Users/jcanero/Code/Repositories/c++/boost_1_59_0";
				PRODUCT_NAME = "$(TARGET_NAME)";
			};
			name = Release;
		};
/* End XCBuildConfiguration section */

/* Begin XCConfigurationList section */
		2EB10D361C5AF323006D774D /* Build configuration list for PBXProject "RayTracer" */ = {
			isa = XCConfigurationList;
			buildConfigurations = (
				2EB10D401C5AF323006D774D /* Debug */,
				2EB10D411C5AF323006D774D /* Release */,
			);
			defaultConfigurationIsVisible = 0;
			defaultConfigurationName = Release;
		};
		2EB10D421C5AF323006D774D /* Build configuration list for PBXNativeTarget "RayTracer" */ = {
			isa = XCConfigurationList;
			buildConfigurations = (
				2EB10D431C5AF323006D774D /* Debug */,
				2EB10D441C5AF323006D774D /* Release */,
			);
			defaultConfigurationIsVisible = 0;
		};
/* End XCConfigurationList section */
	};
	rootObject = 2EB10D331C5AF323006D774D /* Project object */;
}
